// !$*UTF8*$!
{
	archiveVersion = 1;
	classes = {
	};
	objectVersion = 77;
	objects = {

/* Begin PBXContainerItemProxy section */
		B575BB512D54AA480034ACDF /* PBXContainerItemProxy */ = {
			isa = PBXContainerItemProxy;
			containerPortal = B575BB322D54AA450034ACDF /* Project object */;
			proxyType = 1;
			remoteGlobalIDString = B575BB392D54AA450034ACDF;
			remoteInfo = CathayTest;
		};
		B575BB5B2D54AA480034ACDF /* PBXContainerItemProxy */ = {
			isa = PBXContainerItemProxy;
			containerPortal = B575BB322D54AA450034ACDF /* Project object */;
			proxyType = 1;
			remoteGlobalIDString = B575BB392D54AA450034ACDF;
			remoteInfo = CathayTest;
		};
/* End PBXContainerItemProxy section */

/* Begin PBXFileReference section */
		B575BB3A2D54AA450034ACDF /* CathayTest.app */ = {isa = PBXFileReference; explicitFileType = wrapper.application; includeInIndex = 0; path = CathayTest.app; sourceTree = BUILT_PRODUCTS_DIR; };
		B575BB502D54AA480034ACDF /* CathayTestTests.xctest */ = {isa = PBXFileReference; explicitFileType = wrapper.cfbundle; includeInIndex = 0; path = CathayTestTests.xctest; sourceTree = BUILT_PRODUCTS_DIR; };
		B575BB5A2D54AA480034ACDF /* CathayTestUITests.xctest */ = {isa = PBXFileReference; explicitFileType = wrapper.cfbundle; includeInIndex = 0; path = CathayTestUITests.xctest; sourceTree = BUILT_PRODUCTS_DIR; };
/* End PBXFileReference section */

/* Begin PBXFileSystemSynchronizedBuildFileExceptionSet section */
		B575BB622D54AA480034ACDF /* Exceptions for "CathayTest" folder in "CathayTest" target */ = {
			isa = PBXFileSystemSynchronizedBuildFileExceptionSet;
			membershipExceptions = (
				Info.plist,
			);
			target = B575BB392D54AA450034ACDF /* CathayTest */;
		};
/* End PBXFileSystemSynchronizedBuildFileExceptionSet section */

/* Begin PBXFileSystemSynchronizedRootGroup section */
		B575BB3C2D54AA450034ACDF /* CathayTest */ = {
			isa = PBXFileSystemSynchronizedRootGroup;
			exceptions = (
				B575BB622D54AA480034ACDF /* Exceptions for "CathayTest" folder in "CathayTest" target */,
			);
			path = CathayTest;
			sourceTree = "<group>";
		};
		B575BB532D54AA480034ACDF /* CathayTestTests */ = {
			isa = PBXFileSystemSynchronizedRootGroup;
			path = CathayTestTests;
			sourceTree = "<group>";
		};
		B575BB5D2D54AA480034ACDF /* CathayTestUITests */ = {
			isa = PBXFileSystemSynchronizedRootGroup;
			path = CathayTestUITests;
			sourceTree = "<group>";
		};
/* End PBXFileSystemSynchronizedRootGroup section */

/* Begin PBXFrameworksBuildPhase section */
		B575BB372D54AA450034ACDF /* Frameworks */ = {
			isa = PBXFrameworksBuildPhase;
			buildActionMask = 2147483647;
			files = (
			);
			runOnlyForDeploymentPostprocessing = 0;
		};
		B575BB4D2D54AA480034ACDF /* Frameworks */ = {
			isa = PBXFrameworksBuildPhase;
			buildActionMask = 2147483647;
			files = (
			);
			runOnlyForDeploymentPostprocessing = 0;
		};
		B575BB572D54AA480034ACDF /* Frameworks */ = {
			isa = PBXFrameworksBuildPhase;
			buildActionMask = 2147483647;
			files = (
			);
			runOnlyForDeploymentPostprocessing = 0;
		};
/* End PBXFrameworksBuildPhase section */

/* Begin PBXGroup section */
		B575BB312D54AA450034ACDF = {
			isa = PBXGroup;
			children = (
				B575BB3C2D54AA450034ACDF /* CathayTest */,
				B575BB532D54AA480034ACDF /* CathayTestTests */,
				B575BB5D2D54AA480034ACDF /* CathayTestUITests */,
				B575BB3B2D54AA450034ACDF /* Products */,
			);
			sourceTree = "<group>";
		};
		B575BB3B2D54AA450034ACDF /* Products */ = {
			isa = PBXGroup;
			children = (
				B575BB3A2D54AA450034ACDF /* CathayTest.app */,
				B575BB502D54AA480034ACDF /* CathayTestTests.xctest */,
				B575BB5A2D54AA480034ACDF /* CathayTestUITests.xctest */,
			);
			name = Products;
			sourceTree = "<group>";
		};
/* End PBXGroup section */

/* Begin PBXNativeTarget section */
		B575BB392D54AA450034ACDF /* CathayTest */ = {
			isa = PBXNativeTarget;
			buildConfigurationList = B575BB632D54AA480034ACDF /* Build configuration list for PBXNativeTarget "CathayTest" */;
			buildPhases = (
				B575BB362D54AA450034ACDF /* Sources */,
				B575BB372D54AA450034ACDF /* Frameworks */,
				B575BB382D54AA450034ACDF /* Resources */,
			);
			buildRules = (
			);
			dependencies = (
			);
			fileSystemSynchronizedGroups = (
				B575BB3C2D54AA450034ACDF /* CathayTest */,
			);
			name = CathayTest;
			packageProductDependencies = (
			);
			productName = CathayTest;
			productReference = B575BB3A2D54AA450034ACDF /* CathayTest.app */;
			productType = "com.apple.product-type.application";
		};
		B575BB4F2D54AA480034ACDF /* CathayTestTests */ = {
			isa = PBXNativeTarget;
			buildConfigurationList = B575BB682D54AA480034ACDF /* Build configuration list for PBXNativeTarget "CathayTestTests" */;
			buildPhases = (
				B575BB4C2D54AA480034ACDF /* Sources */,
				B575BB4D2D54AA480034ACDF /* Frameworks */,
				B575BB4E2D54AA480034ACDF /* Resources */,
			);
			buildRules = (
			);
			dependencies = (
				B575BB522D54AA480034ACDF /* PBXTargetDependency */,
			);
			fileSystemSynchronizedGroups = (
				B575BB532D54AA480034ACDF /* CathayTestTests */,
			);
			name = CathayTestTests;
			packageProductDependencies = (
			);
			productName = CathayTestTests;
			productReference = B575BB502D54AA480034ACDF /* CathayTestTests.xctest */;
			productType = "com.apple.product-type.bundle.unit-test";
		};
		B575BB592D54AA480034ACDF /* CathayTestUITests */ = {
			isa = PBXNativeTarget;
			buildConfigurationList = B575BB6B2D54AA480034ACDF /* Build configuration list for PBXNativeTarget "CathayTestUITests" */;
			buildPhases = (
				B575BB562D54AA480034ACDF /* Sources */,
				B575BB572D54AA480034ACDF /* Frameworks */,
				B575BB582D54AA480034ACDF /* Resources */,
			);
			buildRules = (
			);
			dependencies = (
				B575BB5C2D54AA480034ACDF /* PBXTargetDependency */,
			);
			fileSystemSynchronizedGroups = (
				B575BB5D2D54AA480034ACDF /* CathayTestUITests */,
			);
			name = CathayTestUITests;
			packageProductDependencies = (
			);
			productName = CathayTestUITests;
			productReference = B575BB5A2D54AA480034ACDF /* CathayTestUITests.xctest */;
			productType = "com.apple.product-type.bundle.ui-testing";
		};
/* End PBXNativeTarget section */

/* Begin PBXProject section */
		B575BB322D54AA450034ACDF /* Project object */ = {
			isa = PBXProject;
			attributes = {
				BuildIndependentTargetsInParallel = 1;
				LastSwiftUpdateCheck = 1600;
				LastUpgradeCheck = 1600;
				TargetAttributes = {
					B575BB392D54AA450034ACDF = {
						CreatedOnToolsVersion = 16.0;
					};
					B575BB4F2D54AA480034ACDF = {
						CreatedOnToolsVersion = 16.0;
						TestTargetID = B575BB392D54AA450034ACDF;
					};
					B575BB592D54AA480034ACDF = {
						CreatedOnToolsVersion = 16.0;
						TestTargetID = B575BB392D54AA450034ACDF;
					};
				};
			};
			buildConfigurationList = B575BB352D54AA450034ACDF /* Build configuration list for PBXProject "CathayTest" */;
			developmentRegion = en;
			hasScannedForEncodings = 0;
			knownRegions = (
				en,
				Base,
			);
			mainGroup = B575BB312D54AA450034ACDF;
			minimizedProjectReferenceProxies = 1;
			packageReferences = (
			);
			preferredProjectObjectVersion = 77;
			productRefGroup = B575BB3B2D54AA450034ACDF /* Products */;
			projectDirPath = "";
			projectRoot = "";
			targets = (
				B575BB392D54AA450034ACDF /* CathayTest */,
				B575BB4F2D54AA480034ACDF /* CathayTestTests */,
				B575BB592D54AA480034ACDF /* CathayTestUITests */,
			);
		};
/* End PBXProject section */

/* Begin PBXResourcesBuildPhase section */
		B575BB382D54AA450034ACDF /* Resources */ = {
			isa = PBXResourcesBuildPhase;
			buildActionMask = 2147483647;
			files = (
			);
			runOnlyForDeploymentPostprocessing = 0;
		};
		B575BB4E2D54AA480034ACDF /* Resources */ = {
			isa = PBXResourcesBuildPhase;
			buildActionMask = 2147483647;
			files = (
			);
			runOnlyForDeploymentPostprocessing = 0;
		};
		B575BB582D54AA480034ACDF /* Resources */ = {
			isa = PBXResourcesBuildPhase;
			buildActionMask = 2147483647;
			files = (
			);
			runOnlyForDeploymentPostprocessing = 0;
		};
/* End PBXResourcesBuildPhase section */

/* Begin PBXSourcesBuildPhase section */
		B575BB362D54AA450034ACDF /* Sources */ = {
			isa = PBXSourcesBuildPhase;
			buildActionMask = 2147483647;
			files = (
			);
			runOnlyForDeploymentPostprocessing = 0;
		};
		B575BB4C2D54AA480034ACDF /* Sources */ = {
			isa = PBXSourcesBuildPhase;
			buildActionMask = 2147483647;
			files = (
			);
			runOnlyForDeploymentPostprocessing = 0;
		};
		B575BB562D54AA480034ACDF /* Sources */ = {
			isa = PBXSourcesBuildPhase;
			buildActionMask = 2147483647;
			files = (
			);
			runOnlyForDeploymentPostprocessing = 0;
		};
/* End PBXSourcesBuildPhase section */

/* Begin PBXTargetDependency section */
		B575BB522D54AA480034ACDF /* PBXTargetDependency */ = {
			isa = PBXTargetDependency;
			target = B575BB392D54AA450034ACDF /* CathayTest */;
			targetProxy = B575BB512D54AA480034ACDF /* PBXContainerItemProxy */;
		};
		B575BB5C2D54AA480034ACDF /* PBXTargetDependency */ = {
			isa = PBXTargetDependency;
			target = B575BB392D54AA450034ACDF /* CathayTest */;
			targetProxy = B575BB5B2D54AA480034ACDF /* PBXContainerItemProxy */;
		};
/* End PBXTargetDependency section */

/* Begin XCBuildConfiguration section */
		B575BB642D54AA480034ACDF /* Debug */ = {
			isa = XCBuildConfiguration;
			buildSettings = {
				ASSETCATALOG_COMPILER_APPICON_NAME = AppIcon;
				ASSETCATALOG_COMPILER_GLOBAL_ACCENT_COLOR_NAME = AccentColor;
				CODE_SIGN_STYLE = Automatic;
				CURRENT_PROJECT_VERSION = 1;
				DEVELOPMENT_TEAM = ANVJ832C4F;
				GENERATE_INFOPLIST_FILE = YES;
				INFOPLIST_FILE = CathayTest/Info.plist;
				INFOPLIST_KEY_UIApplicationSupportsIndirectInputEvents = YES;
				INFOPLIST_KEY_UILaunchStoryboardName = LaunchScreen;
				INFOPLIST_KEY_UIMainStoryboardFile = Main;
				INFOPLIST_KEY_UISupportedInterfaceOrientations_iPad = "UIInterfaceOrientationPortrait UIInterfaceOrientationPortraitUpsideDown UIInterfaceOrientationLandscapeLeft UIInterfaceOrientationLandscapeRight";
				INFOPLIST_KEY_UISupportedInterfaceOrientations_iPhone = "UIInterfaceOrientationPortrait UIInterfaceOrientationLandscapeLeft UIInterfaceOrientationLandscapeRight";
				IPHONEOS_DEPLOYMENT_TARGET = 15.6;
				LD_RUNPATH_SEARCH_PATHS = (
					"$(inherited)",
					"@executable_path/Frameworks",
				);
				MARKETING_VERSION = 1.0;
				PRODUCT_BUNDLE_IDENTIFIER = com.johnlin.CathayTest;
				PRODUCT_NAME = "$(TARGET_NAME)";
				SWIFT_EMIT_LOC_STRINGS = YES;
				SWIFT_VERSION = 5.0;
				TARGETED_DEVICE_FAMILY = "1,2";
			};
			name = Debug;
		};
		B575BB652D54AA480034ACDF /* Release */ = {
			isa = XCBuildConfiguration;
			buildSettings = {
				ASSETCATALOG_COMPILER_APPICON_NAME = AppIcon;
				ASSETCATALOG_COMPILER_GLOBAL_ACCENT_COLOR_NAME = AccentColor;
				CODE_SIGN_STYLE = Automatic;
				CURRENT_PROJECT_VERSION = 1;
				DEVELOPMENT_TEAM = ANVJ832C4F;
				GENERATE_INFOPLIST_FILE = YES;
				INFOPLIST_FILE = CathayTest/Info.plist;
				INFOPLIST_KEY_UIApplicationSupportsIndirectInputEvents = YES;
				INFOPLIST_KEY_UILaunchStoryboardName = LaunchScreen;
				INFOPLIST_KEY_UIMainStoryboardFile = Main;
				INFOPLIST_KEY_UISupportedInterfaceOrientations_iPad = "UIInterfaceOrientationPortrait UIInterfaceOrientationPortraitUpsideDown UIInterfaceOrientationLandscapeLeft UIInterfaceOrientationLandscapeRight";
				INFOPLIST_KEY_UISupportedInterfaceOrientations_iPhone = "UIInterfaceOrientationPortrait UIInterfaceOrientationLandscapeLeft UIInterfaceOrientationLandscapeRight";
				IPHONEOS_DEPLOYMENT_TARGET = 15.6;
				LD_RUNPATH_SEARCH_PATHS = (
					"$(inherited)",
					"@executable_path/Frameworks",
				);
				MARKETING_VERSION = 1.0;
				PRODUCT_BUNDLE_IDENTIFIER = com.johnlin.CathayTest;
				PRODUCT_NAME = "$(TARGET_NAME)";
				SWIFT_EMIT_LOC_STRINGS = YES;
				SWIFT_VERSION = 5.0;
				TARGETED_DEVICE_FAMILY = "1,2";
			};
			name = Release;
		};
		B575BB662D54AA480034ACDF /* Debug */ = {
			isa = XCBuildConfiguration;
			buildSettings = {
				ALWAYS_SEARCH_USER_PATHS = NO;
				ASSETCATALOG_COMPILER_GENERATE_SWIFT_ASSET_SYMBOL_EXTENSIONS = YES;
				CLANG_ANALYZER_NONNULL = YES;
				CLANG_ANALYZER_NUMBER_OBJECT_CONVERSION = YES_AGGRESSIVE;
				CLANG_CXX_LANGUAGE_STANDARD = "gnu++20";
				CLANG_ENABLE_MODULES = YES;
				CLANG_ENABLE_OBJC_ARC = YES;
				CLANG_ENABLE_OBJC_WEAK = YES;
				CLANG_WARN_BLOCK_CAPTURE_AUTORELEASING = YES;
				CLANG_WARN_BOOL_CONVERSION = YES;
				CLANG_WARN_COMMA = YES;
				CLANG_WARN_CONSTANT_CONVERSION = YES;
				CLANG_WARN_DEPRECATED_OBJC_IMPLEMENTATIONS = YES;
				CLANG_WARN_DIRECT_OBJC_ISA_USAGE = YES_ERROR;
				CLANG_WARN_DOCUMENTATION_COMMENTS = YES;
				CLANG_WARN_EMPTY_BODY = YES;
				CLANG_WARN_ENUM_CONVERSION = YES;
				CLANG_WARN_INFINITE_RECURSION = YES;
				CLANG_WARN_INT_CONVERSION = YES;
				CLANG_WARN_NON_LITERAL_NULL_CONVERSION = YES;
				CLANG_WARN_OBJC_IMPLICIT_RETAIN_SELF = YES;
				CLANG_WARN_OBJC_LITERAL_CONVERSION = YES;
				CLANG_WARN_OBJC_ROOT_CLASS = YES_ERROR;
				CLANG_WARN_QUOTED_INCLUDE_IN_FRAMEWORK_HEADER = YES;
				CLANG_WARN_RANGE_LOOP_ANALYSIS = YES;
				CLANG_WARN_STRICT_PROTOTYPES = YES;
				CLANG_WARN_SUSPICIOUS_MOVE = YES;
				CLANG_WARN_UNGUARDED_AVAILABILITY = YES_AGGRESSIVE;
				CLANG_WARN_UNREACHABLE_CODE = YES;
				CLANG_WARN__DUPLICATE_METHOD_MATCH = YES;
				COPY_PHASE_STRIP = NO;
				DEBUG_INFORMATION_FORMAT = dwarf;
				ENABLE_STRICT_OBJC_MSGSEND = YES;
				ENABLE_TESTABILITY = YES;
				ENABLE_USER_SCRIPT_SANDBOXING = YES;
				GCC_C_LANGUAGE_STANDARD = gnu17;
				GCC_DYNAMIC_NO_PIC = NO;
				GCC_NO_COMMON_BLOCKS = YES;
				GCC_OPTIMIZATION_LEVEL = 0;
				GCC_PREPROCESSOR_DEFINITIONS = (
					"DEBUG=1",
					"$(inherited)",
				);
				GCC_WARN_64_TO_32_BIT_CONVERSION = YES;
				GCC_WARN_ABOUT_RETURN_TYPE = YES_ERROR;
				GCC_WARN_UNDECLARED_SELECTOR = YES;
				GCC_WARN_UNINITIALIZED_AUTOS = YES_AGGRESSIVE;
				GCC_WARN_UNUSED_FUNCTION = YES;
				GCC_WARN_UNUSED_VARIABLE = YES;
				IPHONEOS_DEPLOYMENT_TARGET = 18.0;
				LOCALIZATION_PREFERS_STRING_CATALOGS = YES;
				MTL_ENABLE_DEBUG_INFO = INCLUDE_SOURCE;
				MTL_FAST_MATH = YES;
				ONLY_ACTIVE_ARCH = YES;
				SDKROOT = iphoneos;
				SWIFT_ACTIVE_COMPILATION_CONDITIONS = "DEBUG $(inherited)";
				SWIFT_OPTIMIZATION_LEVEL = "-Onone";
			};
			name = Debug;
		};
		B575BB672D54AA480034ACDF /* Release */ = {
			isa = XCBuildConfiguration;
			buildSettings = {
				ALWAYS_SEARCH_USER_PATHS = NO;
				ASSETCATALOG_COMPILER_GENERATE_SWIFT_ASSET_SYMBOL_EXTENSIONS = YES;
				CLANG_ANALYZER_NONNULL = YES;
				CLANG_ANALYZER_NUMBER_OBJECT_CONVERSION = YES_AGGRESSIVE;
				CLANG_CXX_LANGUAGE_STANDARD = "gnu++20";
				CLANG_ENABLE_MODULES = YES;
				CLANG_ENABLE_OBJC_ARC = YES;
				CLANG_ENABLE_OBJC_WEAK = YES;
				CLANG_WARN_BLOCK_CAPTURE_AUTORELEASING = YES;
				CLANG_WARN_BOOL_CONVERSION = YES;
				CLANG_WARN_COMMA = YES;
				CLANG_WARN_CONSTANT_CONVERSION = YES;
				CLANG_WARN_DEPRECATED_OBJC_IMPLEMENTATIONS = YES;
				CLANG_WARN_DIRECT_OBJC_ISA_USAGE = YES_ERROR;
				CLANG_WARN_DOCUMENTATION_COMMENTS = YES;
				CLANG_WARN_EMPTY_BODY = YES;
				CLANG_WARN_ENUM_CONVERSION = YES;
				CLANG_WARN_INFINITE_RECURSION = YES;
				CLANG_WARN_INT_CONVERSION = YES;
				CLANG_WARN_NON_LITERAL_NULL_CONVERSION = YES;
				CLANG_WARN_OBJC_IMPLICIT_RETAIN_SELF = YES;
				CLANG_WARN_OBJC_LITERAL_CONVERSION = YES;
				CLANG_WARN_OBJC_ROOT_CLASS = YES_ERROR;
				CLANG_WARN_QUOTED_INCLUDE_IN_FRAMEWORK_HEADER = YES;
				CLANG_WARN_RANGE_LOOP_ANALYSIS = YES;
				CLANG_WARN_STRICT_PROTOTYPES = YES;
				CLANG_WARN_SUSPICIOUS_MOVE = YES;
				CLANG_WARN_UNGUARDED_AVAILABILITY = YES_AGGRESSIVE;
				CLANG_WARN_UNREACHABLE_CODE = YES;
				CLANG_WARN__DUPLICATE_METHOD_MATCH = YES;
				COPY_PHASE_STRIP = NO;
				DEBUG_INFORMATION_FORMAT = "dwarf-with-dsym";
				ENABLE_NS_ASSERTIONS = NO;
				ENABLE_STRICT_OBJC_MSGSEND = YES;
				ENABLE_USER_SCRIPT_SANDBOXING = YES;
				GCC_C_LANGUAGE_STANDARD = gnu17;
				GCC_NO_COMMON_BLOCKS = YES;
				GCC_WARN_64_TO_32_BIT_CONVERSION = YES;
				GCC_WARN_ABOUT_RETURN_TYPE = YES_ERROR;
				GCC_WARN_UNDECLARED_SELECTOR = YES;
				GCC_WARN_UNINITIALIZED_AUTOS = YES_AGGRESSIVE;
				GCC_WARN_UNUSED_FUNCTION = YES;
				GCC_WARN_UNUSED_VARIABLE = YES;
				IPHONEOS_DEPLOYMENT_TARGET = 18.0;
				LOCALIZATION_PREFERS_STRING_CATALOGS = YES;
				MTL_ENABLE_DEBUG_INFO = NO;
				MTL_FAST_MATH = YES;
				SDKROOT = iphoneos;
				SWIFT_COMPILATION_MODE = wholemodule;
				VALIDATE_PRODUCT = YES;
			};
			name = Release;
		};
		B575BB692D54AA480034ACDF /* Debug */ = {
			isa = XCBuildConfiguration;
			buildSettings = {
				BUNDLE_LOADER = "$(TEST_HOST)";
				CODE_SIGN_STYLE = Automatic;
				CURRENT_PROJECT_VERSION = 1;
				DEVELOPMENT_TEAM = ANVJ832C4F;
				GENERATE_INFOPLIST_FILE = YES;
				IPHONEOS_DEPLOYMENT_TARGET = 18.0;
				MARKETING_VERSION = 1.0;
				PRODUCT_BUNDLE_IDENTIFIER = com.johnlin.CathayTestTests;
				PRODUCT_NAME = "$(TARGET_NAME)";
				SWIFT_EMIT_LOC_STRINGS = NO;
				SWIFT_VERSION = 5.0;
				TARGETED_DEVICE_FAMILY = "1,2";
				TEST_HOST = "$(BUILT_PRODUCTS_DIR)/CathayTest.app/$(BUNDLE_EXECUTABLE_FOLDER_PATH)/CathayTest";
			};
			name = Debug;
		};
		B575BB6A2D54AA480034ACDF /* Release */ = {
			isa = XCBuildConfiguration;
			buildSettings = {
				BUNDLE_LOADER = "$(TEST_HOST)";
				CODE_SIGN_STYLE = Automatic;
				CURRENT_PROJECT_VERSION = 1;
				DEVELOPMENT_TEAM = ANVJ832C4F;
				GENERATE_INFOPLIST_FILE = YES;
				IPHONEOS_DEPLOYMENT_TARGET = 18.0;
				MARKETING_VERSION = 1.0;
				PRODUCT_BUNDLE_IDENTIFIER = com.johnlin.CathayTestTests;
				PRODUCT_NAME = "$(TARGET_NAME)";
				SWIFT_EMIT_LOC_STRINGS = NO;
				SWIFT_VERSION = 5.0;
				TARGETED_DEVICE_FAMILY = "1,2";
				TEST_HOST = "$(BUILT_PRODUCTS_DIR)/CathayTest.app/$(BUNDLE_EXECUTABLE_FOLDER_PATH)/CathayTest";
			};
			name = Release;
		};
		B575BB6C2D54AA480034ACDF /* Debug */ = {
			isa = XCBuildConfiguration;
			buildSettings = {
				CODE_SIGN_STYLE = Automatic;
				CURRENT_PROJECT_VERSION = 1;
				DEVELOPMENT_TEAM = ANVJ832C4F;
				GENERATE_INFOPLIST_FILE = YES;
				MARKETING_VERSION = 1.0;
				PRODUCT_BUNDLE_IDENTIFIER = com.johnlin.CathayTestUITests;
				PRODUCT_NAME = "$(TARGET_NAME)";
				SWIFT_EMIT_LOC_STRINGS = NO;
				SWIFT_VERSION = 5.0;
				TARGETED_DEVICE_FAMILY = "1,2";
				TEST_TARGET_NAME = CathayTest;
			};
			name = Debug;
		};
		B575BB6D2D54AA480034ACDF /* Release */ = {
			isa = XCBuildConfiguration;
			buildSettings = {
				CODE_SIGN_STYLE = Automatic;
				CURRENT_PROJECT_VERSION = 1;
				DEVELOPMENT_TEAM = ANVJ832C4F;
				GENERATE_INFOPLIST_FILE = YES;
				MARKETING_VERSION = 1.0;
				PRODUCT_BUNDLE_IDENTIFIER = com.johnlin.CathayTestUITests;
				PRODUCT_NAME = "$(TARGET_NAME)";
				SWIFT_EMIT_LOC_STRINGS = NO;
				SWIFT_VERSION = 5.0;
				TARGETED_DEVICE_FAMILY = "1,2";
				TEST_TARGET_NAME = CathayTest;
			};
			name = Release;
		};
/* End XCBuildConfiguration section */

/* Begin XCConfigurationList section */
		B575BB352D54AA450034ACDF /* Build configuration list for PBXProject "CathayTest" */ = {
			isa = XCConfigurationList;
			buildConfigurations = (
				B575BB662D54AA480034ACDF /* Debug */,
				B575BB672D54AA480034ACDF /* Release */,
			);
			defaultConfigurationIsVisible = 0;
			defaultConfigurationName = Release;
		};
		B575BB632D54AA480034ACDF /* Build configuration list for PBXNativeTarget "CathayTest" */ = {
			isa = XCConfigurationList;
			buildConfigurations = (
				B575BB642D54AA480034ACDF /* Debug */,
				B575BB652D54AA480034ACDF /* Release */,
			);
			defaultConfigurationIsVisible = 0;
			defaultConfigurationName = Release;
		};
		B575BB682D54AA480034ACDF /* Build configuration list for PBXNativeTarget "CathayTestTests" */ = {
			isa = XCConfigurationList;
			buildConfigurations = (
				B575BB692D54AA480034ACDF /* Debug */,
				B575BB6A2D54AA480034ACDF /* Release */,
			);
			defaultConfigurationIsVisible = 0;
			defaultConfigurationName = Release;
		};
		B575BB6B2D54AA480034ACDF /* Build configuration list for PBXNativeTarget "CathayTestUITests" */ = {
			isa = XCConfigurationList;
			buildConfigurations = (
				B575BB6C2D54AA480034ACDF /* Debug */,
				B575BB6D2D54AA480034ACDF /* Release */,
			);
			defaultConfigurationIsVisible = 0;
			defaultConfigurationName = Release;
		};
/* End XCConfigurationList section */
	};
	rootObject = B575BB322D54AA450034ACDF /* Project object */;
}
